
Microsoft Visual Studio Solution File, Format Version 12.00
# Visual Studio 2012
Project("{FAE04EC0-301F-11D3-BF4B-00C04F79EFBC}") = "StringComparisionTest", "StringComparisionTest\StringComparisionTest.csproj", "{F4AD9F28-1EC0-4BBB-A3BE-DE9D676BE298}"
EndProject
Global
	GlobalSection(SolutionConfigurationPlatforms) = preSolution
		Debug|Any CPU = Debug|Any CPU
		Release|Any CPU = Release|Any CPU
	EndGlobalSection
	GlobalSection(ProjectConfigurationPlatforms) = postSolution
		{F4AD9F28-1EC0-4BBB-A3BE-DE9D676BE298}.Debug|Any CPU.ActiveCfg = Debug|Any CPU
		{F4AD9F28-1EC0-4BBB-A3BE-DE9D676BE298}.Debug|Any CPU.Build.0 = Debug|Any CPU
		{F4AD9F28-1EC0-4BBB-A3BE-DE9D676BE298}.Release|Any CPU.ActiveCfg = Release|Any CPU
		{F4AD9F28-1EC0-4BBB-A3BE-DE9D676BE298}.Release|Any CPU.Build.0 = Release|Any CPU
	EndGlobalSection
EndGlobal
